Microsoft Visual Studio Solution File, Format Version 11.00
# Visual Studio 2008

Project("{39217E89-A41D-6771-0ABF-544CD955D858}") = "masher", "Assembly-CSharp.csproj", "{E2E6B262-4313-FA1F-63B1-985C623B2E51}"
EndProject
Project("{39217E89-A41D-6771-0ABF-544CD955D858}") = "masher", "Assembly-CSharp-Editor.csproj", "{B2FC5FB5-03CE-82E6-EB35-422BD939F7B6}"
EndProject
Project("{39217E89-A41D-6771-0ABF-544CD955D858}") = "masher", "Assembly-UnityScript.unityproj", "{151D4069-A72E-44EE-30CA-083F03F868BE}"
EndProject
Global
	GlobalSection(SolutionConfigurationPlatforms) = preSolution
		Debug|Any CPU = Debug|Any CPU
		Release|Any CPU = Release|Any CPU
	EndGlobalSection
	GlobalSection(ProjectConfigurationPlatforms) = postSolution
		{E2E6B262-4313-FA1F-63B1-985C623B2E51}.Debug|Any CPU.ActiveCfg = Debug|Any CPU
		{E2E6B262-4313-FA1F-63B1-985C623B2E51}.Debug|Any CPU.Build.0 = Debug|Any CPU
		{E2E6B262-4313-FA1F-63B1-985C623B2E51}.Release|Any CPU.ActiveCfg = Release|Any CPU
		{E2E6B262-4313-FA1F-63B1-985C623B2E51}.Release|Any CPU.Build.0 = Release|Any CPU
		{B2FC5FB5-03CE-82E6-EB35-422BD939F7B6}.Debug|Any CPU.ActiveCfg = Debug|Any CPU
		{B2FC5FB5-03CE-82E6-EB35-422BD939F7B6}.Debug|Any CPU.Build.0 = Debug|Any CPU
		{B2FC5FB5-03CE-82E6-EB35-422BD939F7B6}.Release|Any CPU.ActiveCfg = Release|Any CPU
		{B2FC5FB5-03CE-82E6-EB35-422BD939F7B6}.Release|Any CPU.Build.0 = Release|Any CPU
		{151D4069-A72E-44EE-30CA-083F03F868BE}.Debug|Any CPU.ActiveCfg = Debug|Any CPU
		{151D4069-A72E-44EE-30CA-083F03F868BE}.Debug|Any CPU.Build.0 = Debug|Any CPU
		{151D4069-A72E-44EE-30CA-083F03F868BE}.Release|Any CPU.ActiveCfg = Release|Any CPU
		{151D4069-A72E-44EE-30CA-083F03F868BE}.Release|Any CPU.Build.0 = Release|Any CPU
	EndGlobalSection
	GlobalSection(SolutionProperties) = preSolution
		HideSolutionNode = FALSE
	EndGlobalSection
																																														GlobalSection(MonoDevelopProperties) = preSolution
		StartupItem = Assembly-CSharp.csproj
		Policies = $0
		$0.TextStylePolicy = $1
		$1.inheritsSet = null
		$1.scope = text/x-csharp
		$0.CSharpFormattingPolicy = $2
		$2.inheritsSet = Mono
		$2.inheritsScope = text/x-csharp
		$2.scope = text/x-csharp
		$0.TextStylePolicy = $3
		$3.FileWidth = 120
		$3.TabWidth = 4
		$3.EolMarker = Unix
		$3.inheritsSet = Mono
		$3.inheritsScope = text/plain
		$3.scope = text/plain
	EndGlobalSection

EndGlobal
